{
    "_readme": [
        "This file locks the dependencies of your project to a known state",
        "Read more about it at https://getcomposer.org/doc/01-basic-usage.md#installing-dependencies",
        "This file is @generated automatically"
    ],
    "content-hash": "2f94c84e9d604cfacfa65003e6d69359",
    "packages": [
        {
            "name": "datagutten/tools",
            "version": "v1.1",
            "source": {
                "type": "git",
                "url": "https://github.com/datagutten/tools.git",
                "reference": "50ae2ca69b32beee09712e1b210772bae256e005"
            },
            "dist": {
                "type": "zip",
                "url": "https://api.github.com/repos/datagutten/tools/zipball/50ae2ca69b32beee09712e1b210772bae256e005",
                "reference": "50ae2ca69b32beee09712e1b210772bae256e005",
                "shasum": ""
            },
            "type": "library",
            "autoload": {
                "classmap": [
                    "color.php",
                    "dependcheck.php",
                    "FileNotFoundException.php",
                    "color.php",
                    "pdo_helper.php",
                    "DOMDocument_createElement_simple.php"
                ],
                "files": [
                    "filnavn.php"
                ]
            },
            "notification-url": "https://packagist.org/downloads/",
            "license": [
                "GPL-3.0-or-later"
            ],
            "description": "Tools used in my projects",
            "time": "2019-06-09T13:53:16+00:00"
        }
    ],
    "packages-dev": [],
    "aliases": [],
    "minimum-stability": "stable",
    "stability-flags": [],
    "prefer-stable": false,
    "prefer-lowest": false,
    "platform": [],
    "platform-dev": []
}
