{
    "_readme": [
        "This file locks the dependencies of your project to a known state",
        "Read more about it at https://getcomposer.org/doc/01-basic-usage.md#installing-dependencies",
        "This file is @generated automatically"
    ],
    "content-hash": "5dff28f4e6f19a0716354ed17cabe8f6",
    "packages": [
        {
            "name": "datagutten/tools",
            "version": "v1.1",
            "source": {
                "type": "git",
                "url": "https://github.com/datagutten/tools.git",
                "reference": "50ae2ca69b32beee09712e1b210772bae256e005"
            },
            "dist": {
                "type": "zip",
                "url": "https://api.github.com/repos/datagutten/tools/zipball/50ae2ca69b32beee09712e1b210772bae256e005",
                "reference": "50ae2ca69b32beee09712e1b210772bae256e005",
                "shasum": ""
            },
            "type": "library",
            "autoload": {
                "classmap": [
                    "color.php",
                    "dependcheck.php",
                    "FileNotFoundException.php",
                    "color.php",
                    "pdo_helper.php",
                    "DOMDocument_createElement_simple.php"
                ],
                "files": [
                    "filnavn.php"
                ]
            },
            "notification-url": "https://packagist.org/downloads/",
            "license": [
                "GPL-3.0-or-later"
            ],
            "description": "Tools used in my projects",
            "time": "2019-06-09T13:53:16+00:00"
        },
        {
            "name": "rmccue/requests",
            "version": "v1.7.0",
            "source": {
                "type": "git",
                "url": "https://github.com/rmccue/Requests.git",
                "reference": "87932f52ffad70504d93f04f15690cf16a089546"
            },
            "dist": {
                "type": "zip",
                "url": "https://api.github.com/repos/rmccue/Requests/zipball/87932f52ffad70504d93f04f15690cf16a089546",
                "reference": "87932f52ffad70504d93f04f15690cf16a089546",
                "shasum": ""
            },
            "require": {
                "php": ">=5.2"
            },
            "require-dev": {
                "requests/test-server": "dev-master"
            },
            "type": "library",
            "autoload": {
                "psr-0": {
                    "Requests": "library/"
                }
            },
            "notification-url": "https://packagist.org/downloads/",
            "license": [
                "ISC"
            ],
            "authors": [
                {
                    "name": "Ryan McCue",
                    "homepage": "http://ryanmccue.info"
                }
            ],
            "description": "A HTTP library written in PHP, for human beings.",
            "homepage": "http://github.com/rmccue/Requests",
            "keywords": [
                "curl",
                "fsockopen",
                "http",
                "idna",
                "ipv6",
                "iri",
                "sockets"
            ],
            "time": "2016-10-13T00:11:37+00:00"
        }
    ],
    "packages-dev": [],
    "aliases": [],
    "minimum-stability": "stable",
    "stability-flags": [],
    "prefer-stable": false,
    "prefer-lowest": false,
    "platform": {
        "ext-json": "*",
        "ext-curl": "*",
        "ext-simplexml": "*"
    },
    "platform-dev": []
}
